
Microsoft Visual Studio Solution File, Format Version 11.00
# Visual Studio 2010
Project("{E24C65DC-7377-472B-9ABA-BC803B73C61A}") = "pigeoncms", "..\pigeoncms\", "{9BBB1122-2347-44A8-A085-7D86DEFB9E7E}"
	ProjectSection(WebsiteProperties) = preProject
		TargetFrameworkMoniker = ".NETFramework,Version%3Dv4.0"
		ProjectReferences = "{B5680C69-ADE4-4233-AF97-ED41E7C10E13}|PigeonCms.Core.dll;{6CE8F051-18B4-44E0-ADE8-D39EBADB9D71}|PigeonCms.Core.Offline.dll;"
		Debug.AspNetCompiler.VirtualPath = "/pigeoncms"
		Debug.AspNetCompiler.PhysicalPath = "..\pigeoncms\"
		Debug.AspNetCompiler.TargetPath = "PrecompiledWeb\pigeoncms\"
		Debug.AspNetCompiler.Updateable = "true"
		Debug.AspNetCompiler.ForceOverwrite = "true"
		Debug.AspNetCompiler.FixedNames = "false"
		Debug.AspNetCompiler.Debug = "True"
		Release.AspNetCompiler.VirtualPath = "/pigeoncms"
		Release.AspNetCompiler.PhysicalPath = "..\pigeoncms\"
		Release.AspNetCompiler.TargetPath = "PrecompiledWeb\pigeoncms\"
		Release.AspNetCompiler.Updateable = "true"
		Release.AspNetCompiler.ForceOverwrite = "true"
		Release.AspNetCompiler.FixedNames = "false"
		Release.AspNetCompiler.Debug = "False"
		VWDPort = "51772"
		VWDVirtualPath = "/"
	EndProjectSection
EndProject
Project("{FAE04EC0-301F-11D3-BF4B-00C04F79EFBC}") = "PigeonCms.Core", "PigeonCms.Core\PigeonCms.Core.csproj", "{B5680C69-ADE4-4233-AF97-ED41E7C10E13}"
EndProject
Project("{FAE04EC0-301F-11D3-BF4B-00C04F79EFBC}") = "PigeonCms.Core.Offline", "PigeonCms.Core.OfflineProvider\PigeonCms.Core.Offline.csproj", "{6CE8F051-18B4-44E0-ADE8-D39EBADB9D71}"
EndProject
Project("{FAE04EC0-301F-11D3-BF4B-00C04F79EFBC}") = "PigeonCms.Test", "PigeonCms.Test\PigeonCms.Test.csproj", "{AC56D118-7456-4629-8B12-4441D4639EF9}"
EndProject
Project("{2150E333-8FDC-42A3-9474-1A3956D46DE8}") = "Others", "Others", "{8FB0BC1A-751C-467F-A1A6-DFEE7D5C410A}"
EndProject
Project("{FAE04EC0-301F-11D3-BF4B-00C04F79EFBC}") = "PigeonCms.Shop", "PigeonCms.Shop\PigeonCms.Shop.csproj", "{9B7C9BBB-9618-4E2A-B6EB-E267CDD82F4F}"
EndProject
Project("{E24C65DC-7377-472B-9ABA-BC803B73C61A}") = "sample-site", "..\sample-site\", "{F8534A3F-AFEE-4162-B938-3D3E55BBC822}"
	ProjectSection(WebsiteProperties) = preProject
		TargetFrameworkMoniker = ".NETFramework,Version%3Dv4.0"
		ProjectReferences = ""
		Debug.AspNetCompiler.VirtualPath = "/sample-site"
		Debug.AspNetCompiler.PhysicalPath = "..\sample-site\"
		Debug.AspNetCompiler.TargetPath = "PrecompiledWeb\sample-site\"
		Debug.AspNetCompiler.Updateable = "true"
		Debug.AspNetCompiler.ForceOverwrite = "true"
		Debug.AspNetCompiler.FixedNames = "false"
		Debug.AspNetCompiler.Debug = "True"
		Release.AspNetCompiler.VirtualPath = "/sample-site"
		Release.AspNetCompiler.PhysicalPath = "..\sample-site\"
		Release.AspNetCompiler.TargetPath = "PrecompiledWeb\sample-site\"
		Release.AspNetCompiler.Updateable = "true"
		Release.AspNetCompiler.ForceOverwrite = "true"
		Release.AspNetCompiler.FixedNames = "false"
		Release.AspNetCompiler.Debug = "False"
		VWDPort = "51774"
		VWDVirtualPath = "/"
	EndProjectSection
EndProject
Project("{2150E333-8FDC-42A3-9474-1A3956D46DE8}") = "Solution Items", "Solution Items", "{D8A66CCF-5E1D-4B0B-9CC8-E72776B68FB2}"
	ProjectSection(SolutionItems) = preProject
		pigeoncms1.vsmdi = pigeoncms1.vsmdi
	EndProjectSection
EndProject
Global
	GlobalSection(TestCaseManagementSettings) = postSolution
		CategoryFile = pigeoncms1.vsmdi
	EndGlobalSection
	GlobalSection(SolutionConfigurationPlatforms) = preSolution
		Debug|Any CPU = Debug|Any CPU
		Debug|Mixed Platforms = Debug|Mixed Platforms
		Debug|x86 = Debug|x86
		Release|Any CPU = Release|Any CPU
		Release|Mixed Platforms = Release|Mixed Platforms
		Release|x86 = Release|x86
	EndGlobalSection
	GlobalSection(ProjectConfigurationPlatforms) = postSolution
		{9BBB1122-2347-44A8-A085-7D86DEFB9E7E}.Debug|Any CPU.ActiveCfg = Debug|Any CPU
		{9BBB1122-2347-44A8-A085-7D86DEFB9E7E}.Debug|Any CPU.Build.0 = Debug|Any CPU
		{9BBB1122-2347-44A8-A085-7D86DEFB9E7E}.Debug|Mixed Platforms.ActiveCfg = Debug|Any CPU
		{9BBB1122-2347-44A8-A085-7D86DEFB9E7E}.Debug|Mixed Platforms.Build.0 = Debug|Any CPU
		{9BBB1122-2347-44A8-A085-7D86DEFB9E7E}.Debug|x86.ActiveCfg = Debug|Any CPU
		{9BBB1122-2347-44A8-A085-7D86DEFB9E7E}.Release|Any CPU.ActiveCfg = Debug|Any CPU
		{9BBB1122-2347-44A8-A085-7D86DEFB9E7E}.Release|Any CPU.Build.0 = Debug|Any CPU
		{9BBB1122-2347-44A8-A085-7D86DEFB9E7E}.Release|Mixed Platforms.ActiveCfg = Debug|Any CPU
		{9BBB1122-2347-44A8-A085-7D86DEFB9E7E}.Release|Mixed Platforms.Build.0 = Debug|Any CPU
		{9BBB1122-2347-44A8-A085-7D86DEFB9E7E}.Release|x86.ActiveCfg = Debug|Any CPU
		{B5680C69-ADE4-4233-AF97-ED41E7C10E13}.Debug|Any CPU.ActiveCfg = Debug|Any CPU
		{B5680C69-ADE4-4233-AF97-ED41E7C10E13}.Debug|Any CPU.Build.0 = Debug|Any CPU
		{B5680C69-ADE4-4233-AF97-ED41E7C10E13}.Debug|Mixed Platforms.ActiveCfg = Debug|Any CPU
		{B5680C69-ADE4-4233-AF97-ED41E7C10E13}.Debug|Mixed Platforms.Build.0 = Debug|Any CPU
		{B5680C69-ADE4-4233-AF97-ED41E7C10E13}.Debug|x86.ActiveCfg = Debug|Any CPU
		{B5680C69-ADE4-4233-AF97-ED41E7C10E13}.Release|Any CPU.ActiveCfg = Release|Any CPU
		{B5680C69-ADE4-4233-AF97-ED41E7C10E13}.Release|Any CPU.Build.0 = Release|Any CPU
		{B5680C69-ADE4-4233-AF97-ED41E7C10E13}.Release|Mixed Platforms.ActiveCfg = Release|Any CPU
		{B5680C69-ADE4-4233-AF97-ED41E7C10E13}.Release|Mixed Platforms.Build.0 = Release|Any CPU
		{B5680C69-ADE4-4233-AF97-ED41E7C10E13}.Release|x86.ActiveCfg = Release|Any CPU
		{6CE8F051-18B4-44E0-ADE8-D39EBADB9D71}.Debug|Any CPU.ActiveCfg = Debug|Any CPU
		{6CE8F051-18B4-44E0-ADE8-D39EBADB9D71}.Debug|Any CPU.Build.0 = Debug|Any CPU
		{6CE8F051-18B4-44E0-ADE8-D39EBADB9D71}.Debug|Mixed Platforms.ActiveCfg = Debug|Any CPU
		{6CE8F051-18B4-44E0-ADE8-D39EBADB9D71}.Debug|Mixed Platforms.Build.0 = Debug|Any CPU
		{6CE8F051-18B4-44E0-ADE8-D39EBADB9D71}.Debug|x86.ActiveCfg = Debug|Any CPU
		{6CE8F051-18B4-44E0-ADE8-D39EBADB9D71}.Release|Any CPU.ActiveCfg = Release|Any CPU
		{6CE8F051-18B4-44E0-ADE8-D39EBADB9D71}.Release|Any CPU.Build.0 = Release|Any CPU
		{6CE8F051-18B4-44E0-ADE8-D39EBADB9D71}.Release|Mixed Platforms.ActiveCfg = Release|Any CPU
		{6CE8F051-18B4-44E0-ADE8-D39EBADB9D71}.Release|Mixed Platforms.Build.0 = Release|Any CPU
		{6CE8F051-18B4-44E0-ADE8-D39EBADB9D71}.Release|x86.ActiveCfg = Release|Any CPU
		{AC56D118-7456-4629-8B12-4441D4639EF9}.Debug|Any CPU.ActiveCfg = Debug|Any CPU
		{AC56D118-7456-4629-8B12-4441D4639EF9}.Debug|Any CPU.Build.0 = Debug|Any CPU
		{AC56D118-7456-4629-8B12-4441D4639EF9}.Debug|Mixed Platforms.ActiveCfg = Debug|Any CPU
		{AC56D118-7456-4629-8B12-4441D4639EF9}.Debug|Mixed Platforms.Build.0 = Debug|Any CPU
		{AC56D118-7456-4629-8B12-4441D4639EF9}.Debug|x86.ActiveCfg = Debug|Any CPU
		{AC56D118-7456-4629-8B12-4441D4639EF9}.Release|Any CPU.ActiveCfg = Release|Any CPU
		{AC56D118-7456-4629-8B12-4441D4639EF9}.Release|Any CPU.Build.0 = Release|Any CPU
		{AC56D118-7456-4629-8B12-4441D4639EF9}.Release|Mixed Platforms.ActiveCfg = Release|Any CPU
		{AC56D118-7456-4629-8B12-4441D4639EF9}.Release|Mixed Platforms.Build.0 = Release|Any CPU
		{AC56D118-7456-4629-8B12-4441D4639EF9}.Release|x86.ActiveCfg = Release|Any CPU
		{9B7C9BBB-9618-4E2A-B6EB-E267CDD82F4F}.Debug|Any CPU.ActiveCfg = Debug|Any CPU
		{9B7C9BBB-9618-4E2A-B6EB-E267CDD82F4F}.Debug|Any CPU.Build.0 = Debug|Any CPU
		{9B7C9BBB-9618-4E2A-B6EB-E267CDD82F4F}.Debug|Mixed Platforms.ActiveCfg = Debug|Any CPU
		{9B7C9BBB-9618-4E2A-B6EB-E267CDD82F4F}.Debug|Mixed Platforms.Build.0 = Debug|Any CPU
		{9B7C9BBB-9618-4E2A-B6EB-E267CDD82F4F}.Debug|x86.ActiveCfg = Debug|Any CPU
		{9B7C9BBB-9618-4E2A-B6EB-E267CDD82F4F}.Release|Any CPU.ActiveCfg = Release|Any CPU
		{9B7C9BBB-9618-4E2A-B6EB-E267CDD82F4F}.Release|Any CPU.Build.0 = Release|Any CPU
		{9B7C9BBB-9618-4E2A-B6EB-E267CDD82F4F}.Release|Mixed Platforms.ActiveCfg = Release|Any CPU
		{9B7C9BBB-9618-4E2A-B6EB-E267CDD82F4F}.Release|Mixed Platforms.Build.0 = Release|Any CPU
		{9B7C9BBB-9618-4E2A-B6EB-E267CDD82F4F}.Release|x86.ActiveCfg = Release|Any CPU
		{F8534A3F-AFEE-4162-B938-3D3E55BBC822}.Debug|Any CPU.ActiveCfg = Debug|Any CPU
		{F8534A3F-AFEE-4162-B938-3D3E55BBC822}.Debug|Any CPU.Build.0 = Debug|Any CPU
		{F8534A3F-AFEE-4162-B938-3D3E55BBC822}.Debug|Mixed Platforms.ActiveCfg = Debug|Any CPU
		{F8534A3F-AFEE-4162-B938-3D3E55BBC822}.Debug|Mixed Platforms.Build.0 = Debug|Any CPU
		{F8534A3F-AFEE-4162-B938-3D3E55BBC822}.Debug|x86.ActiveCfg = Debug|Any CPU
		{F8534A3F-AFEE-4162-B938-3D3E55BBC822}.Release|Any CPU.ActiveCfg = Debug|Any CPU
		{F8534A3F-AFEE-4162-B938-3D3E55BBC822}.Release|Any CPU.Build.0 = Debug|Any CPU
		{F8534A3F-AFEE-4162-B938-3D3E55BBC822}.Release|Mixed Platforms.ActiveCfg = Debug|Any CPU
		{F8534A3F-AFEE-4162-B938-3D3E55BBC822}.Release|Mixed Platforms.Build.0 = Debug|Any CPU
		{F8534A3F-AFEE-4162-B938-3D3E55BBC822}.Release|x86.ActiveCfg = Debug|Any CPU
	EndGlobalSection
	GlobalSection(SolutionProperties) = preSolution
		HideSolutionNode = FALSE
	EndGlobalSection
EndGlobal
