
Microsoft Visual Studio Solution File, Format Version 11.00
# Visual Studio 2010
Project("{E24C65DC-7377-472B-9ABA-BC803B73C61A}") = "pigeoncms", "..\pigeoncms\", "{9BBB1122-2347-44A8-A085-7D86DEFB9E7E}"
	ProjectSection(WebsiteProperties) = preProject
		TargetFrameworkMoniker = ".NETFramework,Version%3Dv3.5"
		ProjectReferences = "{B5680C69-ADE4-4233-AF97-ED41E7C10E13}|PigeonCms.Core.dll;{6CE8F051-18B4-44E0-ADE8-D39EBADB9D71}|PigeonCms.Core.Offline.dll;{D616C251-2B4E-49D5-B7CE-3B9390144C72}|webacsi.dll;{093B7FE3-8B9A-4AE2-BA91-A60E6D792B5C}|SoftwareArt.dll;{2F6D245A-3128-419B-8BB8-686407681032}|SoftwareArt.Just.dll;{03D1C790-162A-4AC0-B33B-634B263C0A63}|WebControlCaptcha.dll;{1E1402C3-D62D-4470-9C5A-F916BF7D2E49}|Gravatar.dll;{6FED13DE-BFA4-41C2-AB55-EC9C9894A1B1}|DroidCatalogue.dll;{E24BFAAA-2867-40DB-8C4C-0C63334033D7}|DroidCatalogueWs.dll;{AC4555EB-28AA-4DAC-8DA1-5D5474E4D7CF}|SoftwareArt.Swissy.RemoteLogin.dll;{4DCBD080-FA5E-41A5-AE00-2AD11AA22AA5}|SoftwareArt.Swissy.dll;{91FD5516-7BA0-43C1-BECE-471B5CC793A9}|GraphiMeccGroup.dll;{65BFF7A8-D2F0-4B71-A08B-806AEA119ABE}|NynfaWeb.dll;{1986F496-3DD7-49AA-B563-07C263975192}|Aquest.Masi.dll;{D0FCDB76-2116-49AD-9A31-ECF252A19829}|StackExchange.Dapper.dll;"
		Debug.AspNetCompiler.VirtualPath = "/pigeoncms"
		Debug.AspNetCompiler.PhysicalPath = "..\pigeoncms\"
		Debug.AspNetCompiler.TargetPath = "PrecompiledWeb\pigeoncms\"
		Debug.AspNetCompiler.Updateable = "true"
		Debug.AspNetCompiler.ForceOverwrite = "true"
		Debug.AspNetCompiler.FixedNames = "false"
		Debug.AspNetCompiler.Debug = "True"
		Release.AspNetCompiler.VirtualPath = "/pigeoncms"
		Release.AspNetCompiler.PhysicalPath = "..\pigeoncms\"
		Release.AspNetCompiler.TargetPath = "PrecompiledWeb\pigeoncms\"
		Release.AspNetCompiler.Updateable = "true"
		Release.AspNetCompiler.ForceOverwrite = "true"
		Release.AspNetCompiler.FixedNames = "false"
		Release.AspNetCompiler.Debug = "False"
		VWDPort = "65041"
		VWDVirtualPath = "/"
	EndProjectSection
EndProject
Project("{FAE04EC0-301F-11D3-BF4B-00C04F79EFBC}") = "PigeonCms.Core", "PigeonCms.Core\PigeonCms.Core.csproj", "{B5680C69-ADE4-4233-AF97-ED41E7C10E13}"
EndProject
Project("{FAE04EC0-301F-11D3-BF4B-00C04F79EFBC}") = "PigeonCms.Core.Offline", "PigeonCms.Core.OfflineProvider\PigeonCms.Core.Offline.csproj", "{6CE8F051-18B4-44E0-ADE8-D39EBADB9D71}"
EndProject
Project("{FAE04EC0-301F-11D3-BF4B-00C04F79EFBC}") = "PigeonCms.Test", "PigeonCms.Test\PigeonCms.Test.csproj", "{AC56D118-7456-4629-8B12-4441D4639EF9}"
EndProject
Project("{2150E333-8FDC-42A3-9474-1A3956D46DE8}") = "WebControls", "WebControls", "{A4E055D8-9254-465C-BFB7-6A2472D380CE}"
EndProject
Project("{2150E333-8FDC-42A3-9474-1A3956D46DE8}") = "Others", "Others", "{8FB0BC1A-751C-467F-A1A6-DFEE7D5C410A}"
EndProject
Project("{F184B08F-C81C-45F6-A57F-5ABD9991F28F}") = "WebControlCaptcha", "WebControls\Captcha\WebControlCaptcha.vbproj", "{03D1C790-162A-4AC0-B33B-634B263C0A63}"
EndProject
Project("{FAE04EC0-301F-11D3-BF4B-00C04F79EFBC}") = "Gravatar", "WebControls\Gravatar\Gravatar.csproj", "{1E1402C3-D62D-4470-9C5A-F916BF7D2E49}"
EndProject
Project("{FAE04EC0-301F-11D3-BF4B-00C04F79EFBC}") = "StackExchange.Dapper", "StackExchange.Dapper\StackExchange.Dapper.csproj", "{D0FCDB76-2116-49AD-9A31-ECF252A19829}"
EndProject
Global
	GlobalSection(SolutionConfigurationPlatforms) = preSolution
		Debug|Any CPU = Debug|Any CPU
		Debug|Mixed Platforms = Debug|Mixed Platforms
		Debug|x86 = Debug|x86
		Release|Any CPU = Release|Any CPU
		Release|Mixed Platforms = Release|Mixed Platforms
		Release|x86 = Release|x86
	EndGlobalSection
	GlobalSection(ProjectConfigurationPlatforms) = postSolution
		{9BBB1122-2347-44A8-A085-7D86DEFB9E7E}.Debug|Any CPU.ActiveCfg = Debug|Any CPU
		{9BBB1122-2347-44A8-A085-7D86DEFB9E7E}.Debug|Any CPU.Build.0 = Debug|Any CPU
		{9BBB1122-2347-44A8-A085-7D86DEFB9E7E}.Debug|Mixed Platforms.ActiveCfg = Debug|Any CPU
		{9BBB1122-2347-44A8-A085-7D86DEFB9E7E}.Debug|Mixed Platforms.Build.0 = Debug|Any CPU
		{9BBB1122-2347-44A8-A085-7D86DEFB9E7E}.Debug|x86.ActiveCfg = Debug|Any CPU
		{9BBB1122-2347-44A8-A085-7D86DEFB9E7E}.Release|Any CPU.ActiveCfg = Debug|Any CPU
		{9BBB1122-2347-44A8-A085-7D86DEFB9E7E}.Release|Any CPU.Build.0 = Debug|Any CPU
		{9BBB1122-2347-44A8-A085-7D86DEFB9E7E}.Release|Mixed Platforms.ActiveCfg = Debug|Any CPU
		{9BBB1122-2347-44A8-A085-7D86DEFB9E7E}.Release|Mixed Platforms.Build.0 = Debug|Any CPU
		{9BBB1122-2347-44A8-A085-7D86DEFB9E7E}.Release|x86.ActiveCfg = Debug|Any CPU
		{B5680C69-ADE4-4233-AF97-ED41E7C10E13}.Debug|Any CPU.ActiveCfg = Debug|Any CPU
		{B5680C69-ADE4-4233-AF97-ED41E7C10E13}.Debug|Any CPU.Build.0 = Debug|Any CPU
		{B5680C69-ADE4-4233-AF97-ED41E7C10E13}.Debug|Mixed Platforms.ActiveCfg = Debug|Any CPU
		{B5680C69-ADE4-4233-AF97-ED41E7C10E13}.Debug|Mixed Platforms.Build.0 = Debug|Any CPU
		{B5680C69-ADE4-4233-AF97-ED41E7C10E13}.Debug|x86.ActiveCfg = Debug|Any CPU
		{B5680C69-ADE4-4233-AF97-ED41E7C10E13}.Release|Any CPU.ActiveCfg = Release|Any CPU
		{B5680C69-ADE4-4233-AF97-ED41E7C10E13}.Release|Any CPU.Build.0 = Release|Any CPU
		{B5680C69-ADE4-4233-AF97-ED41E7C10E13}.Release|Mixed Platforms.ActiveCfg = Release|Any CPU
		{B5680C69-ADE4-4233-AF97-ED41E7C10E13}.Release|Mixed Platforms.Build.0 = Release|Any CPU
		{B5680C69-ADE4-4233-AF97-ED41E7C10E13}.Release|x86.ActiveCfg = Release|Any CPU
		{6CE8F051-18B4-44E0-ADE8-D39EBADB9D71}.Debug|Any CPU.ActiveCfg = Debug|Any CPU
		{6CE8F051-18B4-44E0-ADE8-D39EBADB9D71}.Debug|Any CPU.Build.0 = Debug|Any CPU
		{6CE8F051-18B4-44E0-ADE8-D39EBADB9D71}.Debug|Mixed Platforms.ActiveCfg = Debug|Any CPU
		{6CE8F051-18B4-44E0-ADE8-D39EBADB9D71}.Debug|Mixed Platforms.Build.0 = Debug|Any CPU
		{6CE8F051-18B4-44E0-ADE8-D39EBADB9D71}.Debug|x86.ActiveCfg = Debug|Any CPU
		{6CE8F051-18B4-44E0-ADE8-D39EBADB9D71}.Release|Any CPU.ActiveCfg = Release|Any CPU
		{6CE8F051-18B4-44E0-ADE8-D39EBADB9D71}.Release|Any CPU.Build.0 = Release|Any CPU
		{6CE8F051-18B4-44E0-ADE8-D39EBADB9D71}.Release|Mixed Platforms.ActiveCfg = Release|Any CPU
		{6CE8F051-18B4-44E0-ADE8-D39EBADB9D71}.Release|Mixed Platforms.Build.0 = Release|Any CPU
		{6CE8F051-18B4-44E0-ADE8-D39EBADB9D71}.Release|x86.ActiveCfg = Release|Any CPU
		{AC56D118-7456-4629-8B12-4441D4639EF9}.Debug|Any CPU.ActiveCfg = Debug|Any CPU
		{AC56D118-7456-4629-8B12-4441D4639EF9}.Debug|Any CPU.Build.0 = Debug|Any CPU
		{AC56D118-7456-4629-8B12-4441D4639EF9}.Debug|Mixed Platforms.ActiveCfg = Debug|Any CPU
		{AC56D118-7456-4629-8B12-4441D4639EF9}.Debug|Mixed Platforms.Build.0 = Debug|Any CPU
		{AC56D118-7456-4629-8B12-4441D4639EF9}.Debug|x86.ActiveCfg = Debug|Any CPU
		{AC56D118-7456-4629-8B12-4441D4639EF9}.Release|Any CPU.ActiveCfg = Release|Any CPU
		{AC56D118-7456-4629-8B12-4441D4639EF9}.Release|Any CPU.Build.0 = Release|Any CPU
		{AC56D118-7456-4629-8B12-4441D4639EF9}.Release|Mixed Platforms.ActiveCfg = Release|Any CPU
		{AC56D118-7456-4629-8B12-4441D4639EF9}.Release|Mixed Platforms.Build.0 = Release|Any CPU
		{AC56D118-7456-4629-8B12-4441D4639EF9}.Release|x86.ActiveCfg = Release|Any CPU
		{03D1C790-162A-4AC0-B33B-634B263C0A63}.Debug|Any CPU.ActiveCfg = Debug|Any CPU
		{03D1C790-162A-4AC0-B33B-634B263C0A63}.Debug|Any CPU.Build.0 = Debug|Any CPU
		{03D1C790-162A-4AC0-B33B-634B263C0A63}.Debug|Mixed Platforms.ActiveCfg = Debug|Any CPU
		{03D1C790-162A-4AC0-B33B-634B263C0A63}.Debug|Mixed Platforms.Build.0 = Debug|Any CPU
		{03D1C790-162A-4AC0-B33B-634B263C0A63}.Debug|x86.ActiveCfg = Debug|Any CPU
		{03D1C790-162A-4AC0-B33B-634B263C0A63}.Release|Any CPU.ActiveCfg = Release|Any CPU
		{03D1C790-162A-4AC0-B33B-634B263C0A63}.Release|Any CPU.Build.0 = Release|Any CPU
		{03D1C790-162A-4AC0-B33B-634B263C0A63}.Release|Mixed Platforms.ActiveCfg = Release|Any CPU
		{03D1C790-162A-4AC0-B33B-634B263C0A63}.Release|Mixed Platforms.Build.0 = Release|Any CPU
		{03D1C790-162A-4AC0-B33B-634B263C0A63}.Release|x86.ActiveCfg = Release|Any CPU
		{1E1402C3-D62D-4470-9C5A-F916BF7D2E49}.Debug|Any CPU.ActiveCfg = Debug|Any CPU
		{1E1402C3-D62D-4470-9C5A-F916BF7D2E49}.Debug|Any CPU.Build.0 = Debug|Any CPU
		{1E1402C3-D62D-4470-9C5A-F916BF7D2E49}.Debug|Mixed Platforms.ActiveCfg = Debug|Any CPU
		{1E1402C3-D62D-4470-9C5A-F916BF7D2E49}.Debug|Mixed Platforms.Build.0 = Debug|Any CPU
		{1E1402C3-D62D-4470-9C5A-F916BF7D2E49}.Debug|x86.ActiveCfg = Debug|Any CPU
		{1E1402C3-D62D-4470-9C5A-F916BF7D2E49}.Release|Any CPU.ActiveCfg = Release|Any CPU
		{1E1402C3-D62D-4470-9C5A-F916BF7D2E49}.Release|Any CPU.Build.0 = Release|Any CPU
		{1E1402C3-D62D-4470-9C5A-F916BF7D2E49}.Release|Mixed Platforms.ActiveCfg = Release|Any CPU
		{1E1402C3-D62D-4470-9C5A-F916BF7D2E49}.Release|Mixed Platforms.Build.0 = Release|Any CPU
		{1E1402C3-D62D-4470-9C5A-F916BF7D2E49}.Release|x86.ActiveCfg = Release|Any CPU
		{D0FCDB76-2116-49AD-9A31-ECF252A19829}.Debug|Any CPU.ActiveCfg = Debug|Any CPU
		{D0FCDB76-2116-49AD-9A31-ECF252A19829}.Debug|Any CPU.Build.0 = Debug|Any CPU
		{D0FCDB76-2116-49AD-9A31-ECF252A19829}.Debug|Mixed Platforms.ActiveCfg = Debug|Any CPU
		{D0FCDB76-2116-49AD-9A31-ECF252A19829}.Debug|Mixed Platforms.Build.0 = Debug|Any CPU
		{D0FCDB76-2116-49AD-9A31-ECF252A19829}.Debug|x86.ActiveCfg = Debug|Any CPU
		{D0FCDB76-2116-49AD-9A31-ECF252A19829}.Release|Any CPU.ActiveCfg = Release|Any CPU
		{D0FCDB76-2116-49AD-9A31-ECF252A19829}.Release|Any CPU.Build.0 = Release|Any CPU
		{D0FCDB76-2116-49AD-9A31-ECF252A19829}.Release|Mixed Platforms.ActiveCfg = Release|Any CPU
		{D0FCDB76-2116-49AD-9A31-ECF252A19829}.Release|Mixed Platforms.Build.0 = Release|Any CPU
		{D0FCDB76-2116-49AD-9A31-ECF252A19829}.Release|x86.ActiveCfg = Release|Any CPU
	EndGlobalSection
	GlobalSection(SolutionProperties) = preSolution
		HideSolutionNode = FALSE
	EndGlobalSection
	GlobalSection(NestedProjects) = preSolution
		{03D1C790-162A-4AC0-B33B-634B263C0A63} = {A4E055D8-9254-465C-BFB7-6A2472D380CE}
		{1E1402C3-D62D-4470-9C5A-F916BF7D2E49} = {A4E055D8-9254-465C-BFB7-6A2472D380CE}
		{D0FCDB76-2116-49AD-9A31-ECF252A19829} = {8FB0BC1A-751C-467F-A1A6-DFEE7D5C410A}
	EndGlobalSection
EndGlobal
